
Microsoft Visual Studio Solution File, Format Version 12.00
# Visual Studio Version 17
VisualStudioVersion = 17.8.34408.163
MinimumVisualStudioVersion = 10.0.40219.1
Project("{FAE04EC0-301F-11D3-BF4B-00C04F79EFBC}") = "Mission5", "Mission5\Mission5.csproj", "{C6254378-41C5-43FD-8383-19FF7F6F49DB}"
EndProject
Global
	GlobalSection(SolutionConfigurationPlatforms) = preSolution
		Debug|Any CPU = Debug|Any CPU
		Release|Any CPU = Release|Any CPU
	EndGlobalSection
	GlobalSection(ProjectConfigurationPlatforms) = postSolution
		{C6254378-41C5-43FD-8383-19FF7F6F49DB}.Debug|Any CPU.ActiveCfg = Debug|Any CPU
		{C6254378-41C5-43FD-8383-19FF7F6F49DB}.Debug|Any CPU.Build.0 = Debug|Any CPU
		{C6254378-41C5-43FD-8383-19FF7F6F49DB}.Release|Any CPU.ActiveCfg = Release|Any CPU
		{C6254378-41C5-43FD-8383-19FF7F6F49DB}.Release|Any CPU.Build.0 = Release|Any CPU
	EndGlobalSection
	GlobalSection(SolutionProperties) = preSolution
		HideSolutionNode = FALSE
	EndGlobalSection
	GlobalSection(ExtensibilityGlobals) = postSolution
		SolutionGuid = {2878FB10-2F20-4654-B319-DD4A1A71731B}
	EndGlobalSection
EndGlobal
